
Microsoft Visual Studio Solution File, Format Version 12.00
# Visual Studio Version 16
VisualStudioVersion = 25.0.1700.0
MinimumVisualStudioVersion = 10.0.40219.1
Project("{FAE04EC0-301F-11D3-BF4B-00C04F79EFBC}") = "QQChannelFramework", "QQChannelFramework.csproj", "{975CA91D-7E1A-4BA0-9901-CE6BD00A0841}"
EndProject
Global
	GlobalSection(SolutionConfigurationPlatforms) = preSolution
		Debug|Any CPU = Debug|Any CPU
		Release|Any CPU = Release|Any CPU
	EndGlobalSection
	GlobalSection(ProjectConfigurationPlatforms) = postSolution
		{975CA91D-7E1A-4BA0-9901-CE6BD00A0841}.Debug|Any CPU.ActiveCfg = Debug|Any CPU
		{975CA91D-7E1A-4BA0-9901-CE6BD00A0841}.Debug|Any CPU.Build.0 = Debug|Any CPU
		{975CA91D-7E1A-4BA0-9901-CE6BD00A0841}.Release|Any CPU.ActiveCfg = Release|Any CPU
		{975CA91D-7E1A-4BA0-9901-CE6BD00A0841}.Release|Any CPU.Build.0 = Release|Any CPU
	EndGlobalSection
	GlobalSection(SolutionProperties) = preSolution
		HideSolutionNode = FALSE
	EndGlobalSection
	GlobalSection(ExtensibilityGlobals) = postSolution
		SolutionGuid = {547D9A59-E4EE-44B9-9504-20D4E2EA0B67}
	EndGlobalSection
EndGlobal
